
Microsoft Visual Studio Solution File, Format Version 12.00
# Visual Studio 2012
Project("{FAE04EC0-301F-11D3-BF4B-00C04F79EFBC}") = "ChatEngine", "ChatEngine\ChatEngine.csproj", "{D5D487CF-9044-48E4-93AE-A12A60048892}"
EndProject
Global
	GlobalSection(SolutionConfigurationPlatforms) = preSolution
		Debug|Any CPU = Debug|Any CPU
		Release|Any CPU = Release|Any CPU
	EndGlobalSection
	GlobalSection(ProjectConfigurationPlatforms) = postSolution
		{D5D487CF-9044-48E4-93AE-A12A60048892}.Debug|Any CPU.ActiveCfg = Debug|Any CPU
		{D5D487CF-9044-48E4-93AE-A12A60048892}.Debug|Any CPU.Build.0 = Debug|Any CPU
		{D5D487CF-9044-48E4-93AE-A12A60048892}.Release|Any CPU.ActiveCfg = Release|Any CPU
		{D5D487CF-9044-48E4-93AE-A12A60048892}.Release|Any CPU.Build.0 = Release|Any CPU
	EndGlobalSection
	GlobalSection(SolutionProperties) = preSolution
		HideSolutionNode = FALSE
	EndGlobalSection
EndGlobal
